
Microsoft Visual Studio Solution File, Format Version 12.00
# Visual Studio 2012
Project("{FAE04EC0-301F-11D3-BF4B-00C04F79EFBC}") = "power_connect_tester", "power_connect_tester\power_connect_tester.csproj", "{3B08D238-5A74-4ABB-956F-24A1FBC1CCE0}"
EndProject
Global
	GlobalSection(SolutionConfigurationPlatforms) = preSolution
		Debug|Any CPU = Debug|Any CPU
		Release|Any CPU = Release|Any CPU
	EndGlobalSection
	GlobalSection(ProjectConfigurationPlatforms) = postSolution
		{3B08D238-5A74-4ABB-956F-24A1FBC1CCE0}.Debug|Any CPU.ActiveCfg = Debug|Any CPU
		{3B08D238-5A74-4ABB-956F-24A1FBC1CCE0}.Debug|Any CPU.Build.0 = Debug|Any CPU
		{3B08D238-5A74-4ABB-956F-24A1FBC1CCE0}.Release|Any CPU.ActiveCfg = Release|Any CPU
		{3B08D238-5A74-4ABB-956F-24A1FBC1CCE0}.Release|Any CPU.Build.0 = Release|Any CPU
	EndGlobalSection
EndGlobal
